
Microsoft Visual Studio Solution File, Format Version 12.00
# Visual Studio 15
VisualStudioVersion = 15.0.28307.1022
MinimumVisualStudioVersion = 10.0.40219.1
Project("{8BC9CEB8-8B4A-11D0-8D11-00A0C91BC942}") = "BlackJack_ver2", "BlackJack_ver2\BlackJack_ver2.vcxproj", "{EB2A1E93-8126-409E-88D9-FACCDC75875D}"
EndProject
Global
	GlobalSection(SolutionConfigurationPlatforms) = preSolution
		Debug|x64 = Debug|x64
		Debug|x86 = Debug|x86
		Release|x64 = Release|x64
		Release|x86 = Release|x86
	EndGlobalSection
	GlobalSection(ProjectConfigurationPlatforms) = postSolution
		{EB2A1E93-8126-409E-88D9-FACCDC75875D}.Debug|x64.ActiveCfg = Debug|x64
		{EB2A1E93-8126-409E-88D9-FACCDC75875D}.Debug|x64.Build.0 = Debug|x64
		{EB2A1E93-8126-409E-88D9-FACCDC75875D}.Debug|x86.ActiveCfg = Debug|Win32
		{EB2A1E93-8126-409E-88D9-FACCDC75875D}.Debug|x86.Build.0 = Debug|Win32
		{EB2A1E93-8126-409E-88D9-FACCDC75875D}.Release|x64.ActiveCfg = Release|x64
		{EB2A1E93-8126-409E-88D9-FACCDC75875D}.Release|x64.Build.0 = Release|x64
		{EB2A1E93-8126-409E-88D9-FACCDC75875D}.Release|x86.ActiveCfg = Release|Win32
		{EB2A1E93-8126-409E-88D9-FACCDC75875D}.Release|x86.Build.0 = Release|Win32
	EndGlobalSection
	GlobalSection(SolutionProperties) = preSolution
		HideSolutionNode = FALSE
	EndGlobalSection
	GlobalSection(ExtensibilityGlobals) = postSolution
		SolutionGuid = {7773D6D1-63D4-4D00-8875-4B1E64600960}
	EndGlobalSection
EndGlobal
